
Microsoft Visual Studio Solution File, Format Version 12.00
# Visual Studio Version 17
VisualStudioVersion = 17.4.33213.308
MinimumVisualStudioVersion = 10.0.40219.1
Project("{9A19103F-16F7-4668-BE54-9A1E7A4F7556}") = "Blog.Web", "Blog.Web\Blog.Web.csproj", "{B985C6AB-5753-41BC-A60A-5B904DE7F881}"
EndProject
Project("{FAE04EC0-301F-11D3-BF4B-00C04F79EFBC}") = "Blog.Infrastructure", "Blog.Infrastructure\Blog.Infrastructure.csproj", "{F35C2196-A126-41EF-8F2A-D4969BF26458}"
EndProject
Project("{FAE04EC0-301F-11D3-BF4B-00C04F79EFBC}") = "Blog.Core", "Blog.Core\Blog.Core.csproj", "{A8DDAF68-9541-4E2A-9CFA-11FEDA4F7DC8}"
EndProject
Global
	GlobalSection(SolutionConfigurationPlatforms) = preSolution
		Debug|Any CPU = Debug|Any CPU
		Release|Any CPU = Release|Any CPU
	EndGlobalSection
	GlobalSection(ProjectConfigurationPlatforms) = postSolution
		{B985C6AB-5753-41BC-A60A-5B904DE7F881}.Debug|Any CPU.ActiveCfg = Debug|Any CPU
		{B985C6AB-5753-41BC-A60A-5B904DE7F881}.Debug|Any CPU.Build.0 = Debug|Any CPU
		{B985C6AB-5753-41BC-A60A-5B904DE7F881}.Release|Any CPU.ActiveCfg = Release|Any CPU
		{B985C6AB-5753-41BC-A60A-5B904DE7F881}.Release|Any CPU.Build.0 = Release|Any CPU
		{F35C2196-A126-41EF-8F2A-D4969BF26458}.Debug|Any CPU.ActiveCfg = Debug|Any CPU
		{F35C2196-A126-41EF-8F2A-D4969BF26458}.Debug|Any CPU.Build.0 = Debug|Any CPU
		{F35C2196-A126-41EF-8F2A-D4969BF26458}.Release|Any CPU.ActiveCfg = Release|Any CPU
		{F35C2196-A126-41EF-8F2A-D4969BF26458}.Release|Any CPU.Build.0 = Release|Any CPU
		{A8DDAF68-9541-4E2A-9CFA-11FEDA4F7DC8}.Debug|Any CPU.ActiveCfg = Debug|Any CPU
		{A8DDAF68-9541-4E2A-9CFA-11FEDA4F7DC8}.Debug|Any CPU.Build.0 = Debug|Any CPU
		{A8DDAF68-9541-4E2A-9CFA-11FEDA4F7DC8}.Release|Any CPU.ActiveCfg = Release|Any CPU
		{A8DDAF68-9541-4E2A-9CFA-11FEDA4F7DC8}.Release|Any CPU.Build.0 = Release|Any CPU
	EndGlobalSection
	GlobalSection(SolutionProperties) = preSolution
		HideSolutionNode = FALSE
	EndGlobalSection
	GlobalSection(ExtensibilityGlobals) = postSolution
		SolutionGuid = {D98ED3A3-6DD5-462B-A4ED-79BA4B30B60C}
	EndGlobalSection
EndGlobal
